
Microsoft Visual Studio Solution File, Format Version 12.00
# Visual Studio Version 17
VisualStudioVersion = 17.6.33815.320
MinimumVisualStudioVersion = 10.0.40219.1
Project("{FAE04EC0-301F-11D3-BF4B-00C04F79EFBC}") = "Ex002", "Ex002\Ex002.csproj", "{32B79FA8-25B9-41E1-ACAB-C5987CFB5D59}"
EndProject
Global
	GlobalSection(SolutionConfigurationPlatforms) = preSolution
		Debug|Any CPU = Debug|Any CPU
		Release|Any CPU = Release|Any CPU
	EndGlobalSection
	GlobalSection(ProjectConfigurationPlatforms) = postSolution
		{32B79FA8-25B9-41E1-ACAB-C5987CFB5D59}.Debug|Any CPU.ActiveCfg = Debug|Any CPU
		{32B79FA8-25B9-41E1-ACAB-C5987CFB5D59}.Debug|Any CPU.Build.0 = Debug|Any CPU
		{32B79FA8-25B9-41E1-ACAB-C5987CFB5D59}.Release|Any CPU.ActiveCfg = Release|Any CPU
		{32B79FA8-25B9-41E1-ACAB-C5987CFB5D59}.Release|Any CPU.Build.0 = Release|Any CPU
	EndGlobalSection
	GlobalSection(SolutionProperties) = preSolution
		HideSolutionNode = FALSE
	EndGlobalSection
	GlobalSection(ExtensibilityGlobals) = postSolution
		SolutionGuid = {1DF70E83-7E31-4BD6-85C4-4E15EACCD709}
	EndGlobalSection
EndGlobal
