
Microsoft Visual Studio Solution File, Format Version 12.00
# Visual Studio Version 17
VisualStudioVersion = 17.6.33815.320
MinimumVisualStudioVersion = 10.0.40219.1
Project("{FAE04EC0-301F-11D3-BF4B-00C04F79EFBC}") = "EstruturaCondicional-IfElse", "EstruturaCondicional-IfElse\EstruturaCondicional-IfElse.csproj", "{D8250185-9119-473E-84CE-BF2D9BD4C1D0}"
EndProject
Global
	GlobalSection(SolutionConfigurationPlatforms) = preSolution
		Debug|Any CPU = Debug|Any CPU
		Release|Any CPU = Release|Any CPU
	EndGlobalSection
	GlobalSection(ProjectConfigurationPlatforms) = postSolution
		{D8250185-9119-473E-84CE-BF2D9BD4C1D0}.Debug|Any CPU.ActiveCfg = Debug|Any CPU
		{D8250185-9119-473E-84CE-BF2D9BD4C1D0}.Debug|Any CPU.Build.0 = Debug|Any CPU
		{D8250185-9119-473E-84CE-BF2D9BD4C1D0}.Release|Any CPU.ActiveCfg = Release|Any CPU
		{D8250185-9119-473E-84CE-BF2D9BD4C1D0}.Release|Any CPU.Build.0 = Release|Any CPU
	EndGlobalSection
	GlobalSection(SolutionProperties) = preSolution
		HideSolutionNode = FALSE
	EndGlobalSection
	GlobalSection(ExtensibilityGlobals) = postSolution
		SolutionGuid = {0B89E67C-68A4-44DA-A38E-57E56123597D}
	EndGlobalSection
EndGlobal
