
Microsoft Visual Studio Solution File, Format Version 12.00
# Visual Studio Version 17
VisualStudioVersion = 17.6.33815.320
MinimumVisualStudioVersion = 10.0.40219.1
Project("{FAE04EC0-301F-11D3-BF4B-00C04F79EFBC}") = "Exercicio007", "Exercicio007\Exercicio007.csproj", "{B1B79287-EE2D-413D-B221-E9BD1EEB58ED}"
EndProject
Global
	GlobalSection(SolutionConfigurationPlatforms) = preSolution
		Debug|Any CPU = Debug|Any CPU
		Release|Any CPU = Release|Any CPU
	EndGlobalSection
	GlobalSection(ProjectConfigurationPlatforms) = postSolution
		{B1B79287-EE2D-413D-B221-E9BD1EEB58ED}.Debug|Any CPU.ActiveCfg = Debug|Any CPU
		{B1B79287-EE2D-413D-B221-E9BD1EEB58ED}.Debug|Any CPU.Build.0 = Debug|Any CPU
		{B1B79287-EE2D-413D-B221-E9BD1EEB58ED}.Release|Any CPU.ActiveCfg = Release|Any CPU
		{B1B79287-EE2D-413D-B221-E9BD1EEB58ED}.Release|Any CPU.Build.0 = Release|Any CPU
	EndGlobalSection
	GlobalSection(SolutionProperties) = preSolution
		HideSolutionNode = FALSE
	EndGlobalSection
	GlobalSection(ExtensibilityGlobals) = postSolution
		SolutionGuid = {6E86CFE8-B94A-48E3-A067-52597A9075E2}
	EndGlobalSection
EndGlobal
