
Microsoft Visual Studio Solution File, Format Version 12.00
# Visual Studio Version 17
VisualStudioVersion = 17.6.33815.320
MinimumVisualStudioVersion = 10.0.40219.1
Project("{FAE04EC0-301F-11D3-BF4B-00C04F79EFBC}") = "Ex006", "Ex006\Ex006.csproj", "{461D7FC8-D3A4-4AA9-A283-8E81F85A199F}"
EndProject
Global
	GlobalSection(SolutionConfigurationPlatforms) = preSolution
		Debug|Any CPU = Debug|Any CPU
		Release|Any CPU = Release|Any CPU
	EndGlobalSection
	GlobalSection(ProjectConfigurationPlatforms) = postSolution
		{461D7FC8-D3A4-4AA9-A283-8E81F85A199F}.Debug|Any CPU.ActiveCfg = Debug|Any CPU
		{461D7FC8-D3A4-4AA9-A283-8E81F85A199F}.Debug|Any CPU.Build.0 = Debug|Any CPU
		{461D7FC8-D3A4-4AA9-A283-8E81F85A199F}.Release|Any CPU.ActiveCfg = Release|Any CPU
		{461D7FC8-D3A4-4AA9-A283-8E81F85A199F}.Release|Any CPU.Build.0 = Release|Any CPU
	EndGlobalSection
	GlobalSection(SolutionProperties) = preSolution
		HideSolutionNode = FALSE
	EndGlobalSection
	GlobalSection(ExtensibilityGlobals) = postSolution
		SolutionGuid = {0A0A80DF-5CFB-40E2-A8EA-B22EA10AC323}
	EndGlobalSection
EndGlobal
