
Microsoft Visual Studio Solution File, Format Version 12.00
# Visual Studio Version 17
VisualStudioVersion = 17.6.33815.320
MinimumVisualStudioVersion = 10.0.40219.1
Project("{FAE04EC0-301F-11D3-BF4B-00C04F79EFBC}") = "Encapsulamento-1", "Encapsulamento-1\Encapsulamento-1.csproj", "{49E9E36A-15A3-48A5-8857-9ACE4CFB38D2}"
EndProject
Global
	GlobalSection(SolutionConfigurationPlatforms) = preSolution
		Debug|Any CPU = Debug|Any CPU
		Release|Any CPU = Release|Any CPU
	EndGlobalSection
	GlobalSection(ProjectConfigurationPlatforms) = postSolution
		{49E9E36A-15A3-48A5-8857-9ACE4CFB38D2}.Debug|Any CPU.ActiveCfg = Debug|Any CPU
		{49E9E36A-15A3-48A5-8857-9ACE4CFB38D2}.Debug|Any CPU.Build.0 = Debug|Any CPU
		{49E9E36A-15A3-48A5-8857-9ACE4CFB38D2}.Release|Any CPU.ActiveCfg = Release|Any CPU
		{49E9E36A-15A3-48A5-8857-9ACE4CFB38D2}.Release|Any CPU.Build.0 = Release|Any CPU
	EndGlobalSection
	GlobalSection(SolutionProperties) = preSolution
		HideSolutionNode = FALSE
	EndGlobalSection
	GlobalSection(ExtensibilityGlobals) = postSolution
		SolutionGuid = {82D4B840-D8D4-437F-897C-6D71DFFB3DCC}
	EndGlobalSection
EndGlobal
