
Microsoft Visual Studio Solution File, Format Version 12.00
# Visual Studio Version 17
VisualStudioVersion = 17.6.33815.320
MinimumVisualStudioVersion = 10.0.40219.1
Project("{FAE04EC0-301F-11D3-BF4B-00C04F79EFBC}") = "Ex004", "Ex004\Ex004.csproj", "{483D4309-6114-4B7A-B243-334DAF79C087}"
EndProject
Global
	GlobalSection(SolutionConfigurationPlatforms) = preSolution
		Debug|Any CPU = Debug|Any CPU
		Release|Any CPU = Release|Any CPU
	EndGlobalSection
	GlobalSection(ProjectConfigurationPlatforms) = postSolution
		{483D4309-6114-4B7A-B243-334DAF79C087}.Debug|Any CPU.ActiveCfg = Debug|Any CPU
		{483D4309-6114-4B7A-B243-334DAF79C087}.Debug|Any CPU.Build.0 = Debug|Any CPU
		{483D4309-6114-4B7A-B243-334DAF79C087}.Release|Any CPU.ActiveCfg = Release|Any CPU
		{483D4309-6114-4B7A-B243-334DAF79C087}.Release|Any CPU.Build.0 = Release|Any CPU
	EndGlobalSection
	GlobalSection(SolutionProperties) = preSolution
		HideSolutionNode = FALSE
	EndGlobalSection
	GlobalSection(ExtensibilityGlobals) = postSolution
		SolutionGuid = {6110E1E2-D8CF-4588-A3C7-C9EB5325CFB1}
	EndGlobalSection
EndGlobal
