
Microsoft Visual Studio Solution File, Format Version 12.00
# Visual Studio Version 17
VisualStudioVersion = 17.6.33815.320
MinimumVisualStudioVersion = 10.0.40219.1
Project("{FAE04EC0-301F-11D3-BF4B-00C04F79EFBC}") = "4-EscopoInicializacao", "4-EscopoInicializacao\4-EscopoInicializacao.csproj", "{7241A1E6-10BA-4731-8D2C-0F521B4AD333}"
EndProject
Global
	GlobalSection(SolutionConfigurationPlatforms) = preSolution
		Debug|Any CPU = Debug|Any CPU
		Release|Any CPU = Release|Any CPU
	EndGlobalSection
	GlobalSection(ProjectConfigurationPlatforms) = postSolution
		{7241A1E6-10BA-4731-8D2C-0F521B4AD333}.Debug|Any CPU.ActiveCfg = Debug|Any CPU
		{7241A1E6-10BA-4731-8D2C-0F521B4AD333}.Debug|Any CPU.Build.0 = Debug|Any CPU
		{7241A1E6-10BA-4731-8D2C-0F521B4AD333}.Release|Any CPU.ActiveCfg = Release|Any CPU
		{7241A1E6-10BA-4731-8D2C-0F521B4AD333}.Release|Any CPU.Build.0 = Release|Any CPU
	EndGlobalSection
	GlobalSection(SolutionProperties) = preSolution
		HideSolutionNode = FALSE
	EndGlobalSection
	GlobalSection(ExtensibilityGlobals) = postSolution
		SolutionGuid = {49F81DFE-FD4C-4B30-A82E-4F040F44E265}
	EndGlobalSection
EndGlobal
