
Microsoft Visual Studio Solution File, Format Version 12.00
# Visual Studio Version 17
VisualStudioVersion = 17.6.33815.320
MinimumVisualStudioVersion = 10.0.40219.1
Project("{FAE04EC0-301F-11D3-BF4B-00C04F79EFBC}") = "Ex001", "Ex001\Ex001.csproj", "{FD162548-C700-4EC2-A93D-3C18D6E4859F}"
EndProject
Global
	GlobalSection(SolutionConfigurationPlatforms) = preSolution
		Debug|Any CPU = Debug|Any CPU
		Release|Any CPU = Release|Any CPU
	EndGlobalSection
	GlobalSection(ProjectConfigurationPlatforms) = postSolution
		{FD162548-C700-4EC2-A93D-3C18D6E4859F}.Debug|Any CPU.ActiveCfg = Debug|Any CPU
		{FD162548-C700-4EC2-A93D-3C18D6E4859F}.Debug|Any CPU.Build.0 = Debug|Any CPU
		{FD162548-C700-4EC2-A93D-3C18D6E4859F}.Release|Any CPU.ActiveCfg = Release|Any CPU
		{FD162548-C700-4EC2-A93D-3C18D6E4859F}.Release|Any CPU.Build.0 = Release|Any CPU
	EndGlobalSection
	GlobalSection(SolutionProperties) = preSolution
		HideSolutionNode = FALSE
	EndGlobalSection
	GlobalSection(ExtensibilityGlobals) = postSolution
		SolutionGuid = {B9DE2F33-C18B-4CA9-A65E-AB04B4609173}
	EndGlobalSection
EndGlobal
