
Microsoft Visual Studio Solution File, Format Version 12.00
# Visual Studio Version 17
VisualStudioVersion = 17.6.33815.320
MinimumVisualStudioVersion = 10.0.40219.1
Project("{FAE04EC0-301F-11D3-BF4B-00C04F79EFBC}") = "Exercicio003", "Exercicio003\Exercicio003.csproj", "{EBE19744-92BD-4699-A3B9-BF9C333DBAA8}"
EndProject
Global
	GlobalSection(SolutionConfigurationPlatforms) = preSolution
		Debug|Any CPU = Debug|Any CPU
		Release|Any CPU = Release|Any CPU
	EndGlobalSection
	GlobalSection(ProjectConfigurationPlatforms) = postSolution
		{EBE19744-92BD-4699-A3B9-BF9C333DBAA8}.Debug|Any CPU.ActiveCfg = Debug|Any CPU
		{EBE19744-92BD-4699-A3B9-BF9C333DBAA8}.Debug|Any CPU.Build.0 = Debug|Any CPU
		{EBE19744-92BD-4699-A3B9-BF9C333DBAA8}.Release|Any CPU.ActiveCfg = Release|Any CPU
		{EBE19744-92BD-4699-A3B9-BF9C333DBAA8}.Release|Any CPU.Build.0 = Release|Any CPU
	EndGlobalSection
	GlobalSection(SolutionProperties) = preSolution
		HideSolutionNode = FALSE
	EndGlobalSection
	GlobalSection(ExtensibilityGlobals) = postSolution
		SolutionGuid = {0359A177-99B4-4248-83AD-D1A1BF89DACE}
	EndGlobalSection
EndGlobal
