
Microsoft Visual Studio Solution File, Format Version 12.00
# Visual Studio Version 17
VisualStudioVersion = 17.6.33815.320
MinimumVisualStudioVersion = 10.0.40219.1
Project("{FAE04EC0-301F-11D3-BF4B-00C04F79EFBC}") = "Ex001", "Ex001\Ex001.csproj", "{5B49BAB9-C1F6-4D22-BD7C-B9BBAA7B7B95}"
EndProject
Global
	GlobalSection(SolutionConfigurationPlatforms) = preSolution
		Debug|Any CPU = Debug|Any CPU
		Release|Any CPU = Release|Any CPU
	EndGlobalSection
	GlobalSection(ProjectConfigurationPlatforms) = postSolution
		{5B49BAB9-C1F6-4D22-BD7C-B9BBAA7B7B95}.Debug|Any CPU.ActiveCfg = Debug|Any CPU
		{5B49BAB9-C1F6-4D22-BD7C-B9BBAA7B7B95}.Debug|Any CPU.Build.0 = Debug|Any CPU
		{5B49BAB9-C1F6-4D22-BD7C-B9BBAA7B7B95}.Release|Any CPU.ActiveCfg = Release|Any CPU
		{5B49BAB9-C1F6-4D22-BD7C-B9BBAA7B7B95}.Release|Any CPU.Build.0 = Release|Any CPU
	EndGlobalSection
	GlobalSection(SolutionProperties) = preSolution
		HideSolutionNode = FALSE
	EndGlobalSection
	GlobalSection(ExtensibilityGlobals) = postSolution
		SolutionGuid = {89EE0413-CAC8-4AFB-9EC1-8C1D1F8DFE6C}
	EndGlobalSection
EndGlobal
