
Microsoft Visual Studio Solution File, Format Version 12.00
# Visual Studio Version 17
VisualStudioVersion = 17.6.33815.320
MinimumVisualStudioVersion = 10.0.40219.1
Project("{FAE04EC0-301F-11D3-BF4B-00C04F79EFBC}") = "5-While", "5-While\5-While.csproj", "{3F967D64-21DD-4D4C-BD92-EFE5C021BBF4}"
EndProject
Global
	GlobalSection(SolutionConfigurationPlatforms) = preSolution
		Debug|Any CPU = Debug|Any CPU
		Release|Any CPU = Release|Any CPU
	EndGlobalSection
	GlobalSection(ProjectConfigurationPlatforms) = postSolution
		{3F967D64-21DD-4D4C-BD92-EFE5C021BBF4}.Debug|Any CPU.ActiveCfg = Debug|Any CPU
		{3F967D64-21DD-4D4C-BD92-EFE5C021BBF4}.Debug|Any CPU.Build.0 = Debug|Any CPU
		{3F967D64-21DD-4D4C-BD92-EFE5C021BBF4}.Release|Any CPU.ActiveCfg = Release|Any CPU
		{3F967D64-21DD-4D4C-BD92-EFE5C021BBF4}.Release|Any CPU.Build.0 = Release|Any CPU
	EndGlobalSection
	GlobalSection(SolutionProperties) = preSolution
		HideSolutionNode = FALSE
	EndGlobalSection
	GlobalSection(ExtensibilityGlobals) = postSolution
		SolutionGuid = {7A318646-AE15-48E4-8EE5-9B17B11E8D38}
	EndGlobalSection
EndGlobal
