
Microsoft Visual Studio Solution File, Format Version 12.00
# Visual Studio Version 17
VisualStudioVersion = 17.6.33815.320
MinimumVisualStudioVersion = 10.0.40219.1
Project("{FAE04EC0-301F-11D3-BF4B-00C04F79EFBC}") = "Ex002", "Ex002\Ex002.csproj", "{FC7FBBAD-A260-4F7B-94DC-226B337A0BF0}"
EndProject
Global
	GlobalSection(SolutionConfigurationPlatforms) = preSolution
		Debug|Any CPU = Debug|Any CPU
		Release|Any CPU = Release|Any CPU
	EndGlobalSection
	GlobalSection(ProjectConfigurationPlatforms) = postSolution
		{FC7FBBAD-A260-4F7B-94DC-226B337A0BF0}.Debug|Any CPU.ActiveCfg = Debug|Any CPU
		{FC7FBBAD-A260-4F7B-94DC-226B337A0BF0}.Debug|Any CPU.Build.0 = Debug|Any CPU
		{FC7FBBAD-A260-4F7B-94DC-226B337A0BF0}.Release|Any CPU.ActiveCfg = Release|Any CPU
		{FC7FBBAD-A260-4F7B-94DC-226B337A0BF0}.Release|Any CPU.Build.0 = Release|Any CPU
	EndGlobalSection
	GlobalSection(SolutionProperties) = preSolution
		HideSolutionNode = FALSE
	EndGlobalSection
	GlobalSection(ExtensibilityGlobals) = postSolution
		SolutionGuid = {CBD2CBD2-EA1C-4B71-953B-7E42DC5D6ECA}
	EndGlobalSection
EndGlobal
