
Microsoft Visual Studio Solution File, Format Version 12.00
# Visual Studio Version 17
VisualStudioVersion = 17.6.33815.320
MinimumVisualStudioVersion = 10.0.40219.1
Project("{FAE04EC0-301F-11D3-BF4B-00C04F79EFBC}") = "Exercicio005", "Exercicio005\Exercicio005.csproj", "{A07C5790-B328-42C0-8134-F5D50C6362FB}"
EndProject
Global
	GlobalSection(SolutionConfigurationPlatforms) = preSolution
		Debug|Any CPU = Debug|Any CPU
		Release|Any CPU = Release|Any CPU
	EndGlobalSection
	GlobalSection(ProjectConfigurationPlatforms) = postSolution
		{A07C5790-B328-42C0-8134-F5D50C6362FB}.Debug|Any CPU.ActiveCfg = Debug|Any CPU
		{A07C5790-B328-42C0-8134-F5D50C6362FB}.Debug|Any CPU.Build.0 = Debug|Any CPU
		{A07C5790-B328-42C0-8134-F5D50C6362FB}.Release|Any CPU.ActiveCfg = Release|Any CPU
		{A07C5790-B328-42C0-8134-F5D50C6362FB}.Release|Any CPU.Build.0 = Release|Any CPU
	EndGlobalSection
	GlobalSection(SolutionProperties) = preSolution
		HideSolutionNode = FALSE
	EndGlobalSection
	GlobalSection(ExtensibilityGlobals) = postSolution
		SolutionGuid = {0912C8D7-0660-4860-A8EE-27698098573C}
	EndGlobalSection
EndGlobal
